{
  "object": {
    "pins": [
      {
        "package": "Console",
        "repositoryURL": "https://github.com/vapor/console.git",
        "state": {
          "branch": null,
          "revision": "96617dcdcbb7572cbff0645a2e3362c042bfffad",
          "version": "3.0.3"
        }
      },
      {
        "package": "Core",
        "repositoryURL": "https://github.com/vapor/core.git",
        "state": {
          "branch": null,
          "revision": "96ce86ebf9198328795c4b9cb711489460be083c",
          "version": "3.4.4"
        }
      },
      {
        "package": "Crypto",
        "repositoryURL": "https://github.com/vapor/crypto.git",
        "state": {
          "branch": null,
          "revision": "5605334590affd4785a5839806b4504407e054ac",
          "version": "3.3.0"
        }
      },
      {
        "package": "DatabaseKit",
        "repositoryURL": "https://github.com/vapor/database-kit.git",
        "state": {
          "branch": null,
          "revision": "3a17dbbe9be5f8c37703e4b7982c1332ad6b00c4",
          "version": "1.3.1"
        }
      },
      {
        "package": "HTTP",
        "repositoryURL": "https://github.com/vapor/http.git",
        "state": {
          "branch": null,
          "revision": "272b22be8cb3364e42a4701c2e0676e37480ec5a",
          "version": "3.1.5"
        }
      },
      {
        "package": "Leaf",
        "repositoryURL": "https://github.com/vapor/leaf.git",
        "state": {
          "branch": null,
          "revision": "d35f54cbac723e673f9bd5078361eea74049c8d7",
          "version": "3.0.2"
        }
      },
      {
        "package": "Lingo",
        "repositoryURL": "https://github.com/miroslavkovac/Lingo.git",
        "state": {
          "branch": null,
          "revision": "f21f388b04239641b3e88d14f21762125faa9857",
          "version": "3.0.5"
        }
      },
      {
        "package": "LingoVapor",
        "repositoryURL": "https://github.com/vapor-community/lingo-vapor.git",
        "state": {
          "branch": null,
          "revision": "56fdc7e7d531907ff97024a4aff8db90bcf0f965",
          "version": "3.0.0"
        }
      },
      {
        "package": "Multipart",
        "repositoryURL": "https://github.com/vapor/multipart.git",
        "state": {
          "branch": null,
          "revision": "e57007c23a52b68e44ebdfc70cbe882a7c4f1ec3",
          "version": "3.0.2"
        }
      },
      {
        "package": "Routing",
        "repositoryURL": "https://github.com/vapor/routing.git",
        "state": {
          "branch": null,
          "revision": "3219e328491b0853b8554c5a694add344d2c6cfb",
          "version": "3.0.1"
        }
      },
      {
        "package": "Service",
        "repositoryURL": "https://github.com/vapor/service.git",
        "state": {
          "branch": null,
          "revision": "281a70b69783891900be31a9e70051b6fe19e146",
          "version": "1.0.0"
        }
      },
      {
        "package": "swift-nio",
        "repositoryURL": "https://github.com/apple/swift-nio.git",
        "state": {
          "branch": null,
          "revision": "176dd6e8564d60e936b76f3a896d667ae3acba31",
          "version": "1.10.0"
        }
      },
      {
        "package": "swift-nio-ssl",
        "repositoryURL": "https://github.com/apple/swift-nio-ssl.git",
        "state": {
          "branch": null,
          "revision": "db16c3a90b101bb53b26a58867a344ad428072e0",
          "version": "1.3.2"
        }
      },
      {
        "package": "swift-nio-ssl-support",
        "repositoryURL": "https://github.com/apple/swift-nio-ssl-support.git",
        "state": {
          "branch": null,
          "revision": "c02eec4e0e6d351cd092938cf44195a8e669f555",
          "version": "1.0.0"
        }
      },
      {
        "package": "swift-nio-zlib-support",
        "repositoryURL": "https://github.com/apple/swift-nio-zlib-support.git",
        "state": {
          "branch": null,
          "revision": "37760e9a52030bb9011972c5213c3350fa9d41fd",
          "version": "1.0.0"
        }
      },
      {
        "package": "TemplateKit",
        "repositoryURL": "https://github.com/vapor/template-kit.git",
        "state": {
          "branch": null,
          "revision": "db35b1c35aabd0f5db3abca0cfda7becfe9c43e2",
          "version": "1.1.0"
        }
      },
      {
        "package": "URLEncodedForm",
        "repositoryURL": "https://github.com/vapor/url-encoded-form.git",
        "state": {
          "branch": null,
          "revision": "932024f363ee5ff59059cf7d67194a1c271d3d0c",
          "version": "1.0.5"
        }
      },
      {
        "package": "Validation",
        "repositoryURL": "https://github.com/vapor/validation.git",
        "state": {
          "branch": null,
          "revision": "4de213cf319b694e4ce19e5339592601d4dd3ff6",
          "version": "2.1.1"
        }
      },
      {
        "package": "Vapor",
        "repositoryURL": "https://github.com/vapor/vapor.git",
        "state": {
          "branch": null,
          "revision": "157d3b15336caa882662cc75024dd04b2e225246",
          "version": "3.1.0"
        }
      },
      {
        "package": "WebSocket",
        "repositoryURL": "https://github.com/vapor/websocket.git",
        "state": {
          "branch": null,
          "revision": "eb4277f75f1d96a3d15c852cdd89af1799093dcd",
          "version": "1.1.0"
        }
      }
    ]
  },
  "version": 1
}
